
Microsoft Visual Studio Solution File, Format Version 12.00
# Visual Studio Version 16
VisualStudioVersion = 16.0.30804.86
MinimumVisualStudioVersion = 10.0.40219.1
Project("{FAE04EC0-301F-11D3-BF4B-00C04F79EFBC}") = "LSP", "LSP\LSP.csproj", "{5BA886A3-B186-4FE1-8707-C2D83A85E4C8}"
EndProject
Project("{FAE04EC0-301F-11D3-BF4B-00C04F79EFBC}") = "LSP.Tests", "LSP.Tests\LSP.Tests.csproj", "{59D831C7-7D6E-4CFD-B464-50A67566924E}"
EndProject
Global
	GlobalSection(SolutionConfigurationPlatforms) = preSolution
		Debug|Any CPU = Debug|Any CPU
		Release|Any CPU = Release|Any CPU
	EndGlobalSection
	GlobalSection(ProjectConfigurationPlatforms) = postSolution
		{5BA886A3-B186-4FE1-8707-C2D83A85E4C8}.Debug|Any CPU.ActiveCfg = Debug|Any CPU
		{5BA886A3-B186-4FE1-8707-C2D83A85E4C8}.Debug|Any CPU.Build.0 = Debug|Any CPU
		{5BA886A3-B186-4FE1-8707-C2D83A85E4C8}.Release|Any CPU.ActiveCfg = Release|Any CPU
		{5BA886A3-B186-4FE1-8707-C2D83A85E4C8}.Release|Any CPU.Build.0 = Release|Any CPU
		{59D831C7-7D6E-4CFD-B464-50A67566924E}.Debug|Any CPU.ActiveCfg = Debug|Any CPU
		{59D831C7-7D6E-4CFD-B464-50A67566924E}.Debug|Any CPU.Build.0 = Debug|Any CPU
		{59D831C7-7D6E-4CFD-B464-50A67566924E}.Release|Any CPU.ActiveCfg = Release|Any CPU
		{59D831C7-7D6E-4CFD-B464-50A67566924E}.Release|Any CPU.Build.0 = Release|Any CPU
	EndGlobalSection
	GlobalSection(SolutionProperties) = preSolution
		HideSolutionNode = FALSE
	EndGlobalSection
	GlobalSection(ExtensibilityGlobals) = postSolution
		SolutionGuid = {28C11DF8-2B33-45DF-B53F-D20BEE609B3C}
	EndGlobalSection
EndGlobal
